{
  "nodes": {
    "nixpkgs": {
      "locked": {
        "lastModified": 315532800,
        "narHash": "sha256-EzahrvTg6Z1jTcevI8njwlZLDosaSV9xBogamv7kgrE=",
        "type": "tarball",
        "url": "https://releases.nixos.org/nixos/26.05/nixos-26.05.9843.b67c7a60c373/nixexprs.tar.xz"
      },
      "original": {
        "type": "tarball",
        "url": "https://releases.nixos.org/nixos/26.05/nixos-26.05.9843.b67c7a60c373/nixexprs.tar.xz"
      }
    },
    "root": {
      "inputs": {
        "nixpkgs": "nixpkgs"
      }
    }
  },
  "root": "root",
  "version": 7
}
